// !$*UTF8*$!
{
	archiveVersion = 1;
	classes = {
	};
	objectVersion = 53;
	objects = {

/* Begin PBXBuildFile section */
		8B1247062482248D0056CABF /* MainMenu.xib in Resources */ = {isa = PBXBuildFile; fileRef = 8B1247052482248D0056CABF /* MainMenu.xib */; };
		8B36434324874E4B00F18433 /* MASShortcut.framework in Frameworks */ = {isa = PBXBuildFile; fileRef = 8B36433E24874D7400F18433 /* MASShortcut.framework */; };
		8B36434424874E4B00F18433 /* MASShortcut.framework in Embed Frameworks */ = {isa = PBXBuildFile; fileRef = 8B36433E24874D7400F18433 /* MASShortcut.framework */; settings = {ATTRIBUTES = (CodeSignOnCopy, RemoveHeadersOnCopy, ); }; };
		8BB30B482492D06600B9039A /* ShortcutWindowController.swift in Sources */ = {isa = PBXBuildFile; fileRef = 8BB30B462492D06600B9039A /* ShortcutWindowController.swift */; };
		8BB30B492492D06600B9039A /* ShortcutWindow.xib in Resources */ = {isa = PBXBuildFile; fileRef = 8BB30B472492D06600B9039A /* ShortcutWindow.xib */; };
		8BFFB01C247ACB56009AC0A6 /* Assets.xcassets in Resources */ = {isa = PBXBuildFile; fileRef = 8BFFB019247ACB56009AC0A6 /* Assets.xcassets */; };
		8BFFB020247ACBD8009AC0A6 /* LICENSE in Resources */ = {isa = PBXBuildFile; fileRef = 8BFFB01F247ACBD8009AC0A6 /* LICENSE */; };
		8BFFB025247ADBEA009AC0A6 /* AppDelegate.swift in Sources */ = {isa = PBXBuildFile; fileRef = 8BFFB00D247AC9DB009AC0A6 /* AppDelegate.swift */; };
		8BFFB02C247F4D0C009AC0A6 /* UniversalAccess.framework in Frameworks */ = {isa = PBXBuildFile; fileRef = 8BFFB02B247F4D0C009AC0A6 /* UniversalAccess.framework */; };
/* End PBXBuildFile section */

/* Begin PBXContainerItemProxy section */
		8B36433D24874D7400F18433 /* PBXContainerItemProxy */ = {
			isa = PBXContainerItemProxy;
			containerPortal = 8B36433724874D7400F18433 /* MASShortcut.xcodeproj */;
			proxyType = 2;
			remoteGlobalIDString = 0D827CD31990D4420010B8EF;
			remoteInfo = MASShortcut;
		};
		8B36433F24874D7400F18433 /* PBXContainerItemProxy */ = {
			isa = PBXContainerItemProxy;
			containerPortal = 8B36433724874D7400F18433 /* MASShortcut.xcodeproj */;
			proxyType = 2;
			remoteGlobalIDString = 0D827D8319910AFF0010B8EF;
			remoteInfo = MASShortcutTests;
		};
		8B36434124874D7400F18433 /* PBXContainerItemProxy */ = {
			isa = PBXContainerItemProxy;
			containerPortal = 8B36433724874D7400F18433 /* MASShortcut.xcodeproj */;
			proxyType = 2;
			remoteGlobalIDString = 0D827D371990D5E70010B8EF;
			remoteInfo = Demo;
		};
/* End PBXContainerItemProxy section */

/* Begin PBXCopyFilesBuildPhase section */
		8B36434524874E4B00F18433 /* Embed Frameworks */ = {
			isa = PBXCopyFilesBuildPhase;
			buildActionMask = 2147483647;
			dstPath = "";
			dstSubfolderSpec = 10;
			files = (
				8B36434424874E4B00F18433 /* MASShortcut.framework in Embed Frameworks */,
			);
			name = "Embed Frameworks";
			runOnlyForDeploymentPostprocessing = 0;
		};
/* End PBXCopyFilesBuildPhase section */

/* Begin PBXFileReference section */
		8B1247052482248D0056CABF /* MainMenu.xib */ = {isa = PBXFileReference; fileEncoding = 4; lastKnownFileType = file.xib; path = MainMenu.xib; sourceTree = "<group>"; };
		8B25B14B247AC6CF00B0BBDD /* grayscale.app */ = {isa = PBXFileReference; explicitFileType = wrapper.application; includeInIndex = 0; path = grayscale.app; sourceTree = BUILT_PRODUCTS_DIR; };
		8B36433724874D7400F18433 /* MASShortcut.xcodeproj */ = {isa = PBXFileReference; lastKnownFileType = "wrapper.pb-project"; name = MASShortcut.xcodeproj; path = MASShortcut/MASShortcut.xcodeproj; sourceTree = "<group>"; };
		8BB30B462492D06600B9039A /* ShortcutWindowController.swift */ = {isa = PBXFileReference; lastKnownFileType = sourcecode.swift; path = ShortcutWindowController.swift; sourceTree = "<group>"; };
		8BB30B472492D06600B9039A /* ShortcutWindow.xib */ = {isa = PBXFileReference; lastKnownFileType = file.xib; path = ShortcutWindow.xib; sourceTree = "<group>"; };
		8BB30B4C2493C8F200B9039A /* package.sh */ = {isa = PBXFileReference; lastKnownFileType = text.script.sh; name = package.sh; path = ../goftam/package.sh; sourceTree = "<group>"; };
		8BFFB00D247AC9DB009AC0A6 /* AppDelegate.swift */ = {isa = PBXFileReference; lastKnownFileType = sourcecode.swift; path = AppDelegate.swift; sourceTree = "<group>"; };
		8BFFB019247ACB56009AC0A6 /* Assets.xcassets */ = {isa = PBXFileReference; lastKnownFileType = folder.assetcatalog; path = Assets.xcassets; sourceTree = "<group>"; };
		8BFFB01B247ACB56009AC0A6 /* Info.plist */ = {isa = PBXFileReference; fileEncoding = 4; lastKnownFileType = text.plist.xml; path = Info.plist; sourceTree = "<group>"; };
		8BFFB01F247ACBD8009AC0A6 /* LICENSE */ = {isa = PBXFileReference; fileEncoding = 4; lastKnownFileType = text; path = LICENSE; sourceTree = "<group>"; };
		8BFFB021247ACBDE009AC0A6 /* README.md */ = {isa = PBXFileReference; fileEncoding = 4; lastKnownFileType = net.daringfireball.markdown; path = README.md; sourceTree = "<group>"; };
		8BFFB026247ADCC9009AC0A6 /* Bridge.h */ = {isa = PBXFileReference; lastKnownFileType = sourcecode.c.h; path = Bridge.h; sourceTree = "<group>"; };
		8BFFB029247F41E9009AC0A6 /* libUniversalAccess.tbd */ = {isa = PBXFileReference; lastKnownFileType = "sourcecode.text-based-dylib-definition"; name = libUniversalAccess.tbd; path = usr/lib/libUniversalAccess.tbd; sourceTree = SDKROOT; };
		8BFFB02B247F4D0C009AC0A6 /* UniversalAccess.framework */ = {isa = PBXFileReference; lastKnownFileType = wrapper.framework; name = UniversalAccess.framework; path = ../../../../System/Library/PrivateFrameworks/UniversalAccess.framework; sourceTree = "<group>"; };
		8BFFB03424820DFB009AC0A6 /* grayscale.entitlements */ = {isa = PBXFileReference; lastKnownFileType = text.plist.entitlements; path = grayscale.entitlements; sourceTree = "<group>"; };
/* End PBXFileReference section */

/* Begin PBXFrameworksBuildPhase section */
		8B25B148247AC6CF00B0BBDD /* Frameworks */ = {
			isa = PBXFrameworksBuildPhase;
			buildActionMask = 2147483647;
			files = (
				8B36434324874E4B00F18433 /* MASShortcut.framework in Frameworks */,
				8BFFB02C247F4D0C009AC0A6 /* UniversalAccess.framework in Frameworks */,
			);
			runOnlyForDeploymentPostprocessing = 0;
		};
/* End PBXFrameworksBuildPhase section */

/* Begin PBXGroup section */
		8B25B142247AC6CF00B0BBDD = {
			isa = PBXGroup;
			children = (
				8B36433724874D7400F18433 /* MASShortcut.xcodeproj */,
				8BFFB01F247ACBD8009AC0A6 /* LICENSE */,
				8BB30B4C2493C8F200B9039A /* package.sh */,
				8BFFB021247ACBDE009AC0A6 /* README.md */,
				8BFFB017247ACB56009AC0A6 /* Resources */,
				8BFFB00C247AC9DB009AC0A6 /* Sources */,
				8B25B14C247AC6CF00B0BBDD /* Products */,
				8BFFB028247F41E9009AC0A6 /* Frameworks */,
			);
			sourceTree = "<group>";
		};
		8B25B14C247AC6CF00B0BBDD /* Products */ = {
			isa = PBXGroup;
			children = (
				8B25B14B247AC6CF00B0BBDD /* grayscale.app */,
			);
			name = Products;
			sourceTree = "<group>";
		};
		8B36433824874D7400F18433 /* Products */ = {
			isa = PBXGroup;
			children = (
				8B36433E24874D7400F18433 /* MASShortcut.framework */,
				8B36434024874D7400F18433 /* MASShortcutTests.xctest */,
				8B36434224874D7400F18433 /* Demo.app */,
			);
			name = Products;
			sourceTree = "<group>";
		};
		8BFFB00C247AC9DB009AC0A6 /* Sources */ = {
			isa = PBXGroup;
			children = (
				8BFFB00D247AC9DB009AC0A6 /* AppDelegate.swift */,
				8BB30B462492D06600B9039A /* ShortcutWindowController.swift */,
				8BFFB026247ADCC9009AC0A6 /* Bridge.h */,
			);
			path = Sources;
			sourceTree = "<group>";
		};
		8BFFB017247ACB56009AC0A6 /* Resources */ = {
			isa = PBXGroup;
			children = (
				8BFFB019247ACB56009AC0A6 /* Assets.xcassets */,
				8B1247052482248D0056CABF /* MainMenu.xib */,
				8BB30B472492D06600B9039A /* ShortcutWindow.xib */,
				8BFFB03424820DFB009AC0A6 /* grayscale.entitlements */,
				8BFFB01B247ACB56009AC0A6 /* Info.plist */,
			);
			path = Resources;
			sourceTree = "<group>";
		};
		8BFFB028247F41E9009AC0A6 /* Frameworks */ = {
			isa = PBXGroup;
			children = (
				8BFFB02B247F4D0C009AC0A6 /* UniversalAccess.framework */,
				8BFFB029247F41E9009AC0A6 /* libUniversalAccess.tbd */,
			);
			name = Frameworks;
			sourceTree = "<group>";
		};
/* End PBXGroup section */

/* Begin PBXNativeTarget section */
		8B25B14A247AC6CF00B0BBDD /* grayscale */ = {
			isa = PBXNativeTarget;
			buildConfigurationList = 8B25B159247AC6CF00B0BBDD /* Build configuration list for PBXNativeTarget "grayscale" */;
			buildPhases = (
				8B25B147247AC6CF00B0BBDD /* Sources */,
				8B25B148247AC6CF00B0BBDD /* Frameworks */,
				8BFFB00F247ACAE8009AC0A6 /* Resources */,
				8BFFB024247ACC50009AC0A6 /* Set Build Version and Number */,
				8B36434524874E4B00F18433 /* Embed Frameworks */,
			);
			buildRules = (
			);
			dependencies = (
			);
			name = grayscale;
			productName = grayscale;
			productReference = 8B25B14B247AC6CF00B0BBDD /* grayscale.app */;
			productType = "com.apple.product-type.application";
		};
/* End PBXNativeTarget section */

/* Begin PBXProject section */
		8B25B143247AC6CF00B0BBDD /* Project object */ = {
			isa = PBXProject;
			attributes = {
				BuildIndependentTargetsInParallel = YES;
				LastSwiftUpdateCheck = 1150;
				LastUpgradeCheck = 1150;
				ORGANIZATIONNAME = "Brett Gutstein";
				TargetAttributes = {
					8B25B14A247AC6CF00B0BBDD = {
						CreatedOnToolsVersion = 11.5;
					};
				};
			};
			buildConfigurationList = 8B25B146247AC6CF00B0BBDD /* Build configuration list for PBXProject "grayscale" */;
			compatibilityVersion = "Xcode 9.3";
			developmentRegion = en;
			hasScannedForEncodings = 0;
			knownRegions = (
				en,
				Base,
			);
			mainGroup = 8B25B142247AC6CF00B0BBDD;
			productRefGroup = 8B25B14C247AC6CF00B0BBDD /* Products */;
			projectDirPath = "";
			projectReferences = (
				{
					ProductGroup = 8B36433824874D7400F18433 /* Products */;
					ProjectRef = 8B36433724874D7400F18433 /* MASShortcut.xcodeproj */;
				},
			);
			projectRoot = "";
			targets = (
				8B25B14A247AC6CF00B0BBDD /* grayscale */,
			);
		};
/* End PBXProject section */

/* Begin PBXReferenceProxy section */
		8B36433E24874D7400F18433 /* MASShortcut.framework */ = {
			isa = PBXReferenceProxy;
			fileType = wrapper.framework;
			path = MASShortcut.framework;
			remoteRef = 8B36433D24874D7400F18433 /* PBXContainerItemProxy */;
			sourceTree = BUILT_PRODUCTS_DIR;
		};
		8B36434024874D7400F18433 /* MASShortcutTests.xctest */ = {
			isa = PBXReferenceProxy;
			fileType = wrapper.cfbundle;
			path = MASShortcutTests.xctest;
			remoteRef = 8B36433F24874D7400F18433 /* PBXContainerItemProxy */;
			sourceTree = BUILT_PRODUCTS_DIR;
		};
		8B36434224874D7400F18433 /* Demo.app */ = {
			isa = PBXReferenceProxy;
			fileType = wrapper.application;
			path = Demo.app;
			remoteRef = 8B36434124874D7400F18433 /* PBXContainerItemProxy */;
			sourceTree = BUILT_PRODUCTS_DIR;
		};
/* End PBXReferenceProxy section */

/* Begin PBXResourcesBuildPhase section */
		8BFFB00F247ACAE8009AC0A6 /* Resources */ = {
			isa = PBXResourcesBuildPhase;
			buildActionMask = 2147483647;
			files = (
				8BFFB01C247ACB56009AC0A6 /* Assets.xcassets in Resources */,
				8BB30B492492D06600B9039A /* ShortcutWindow.xib in Resources */,
				8BFFB020247ACBD8009AC0A6 /* LICENSE in Resources */,
				8B1247062482248D0056CABF /* MainMenu.xib in Resources */,
			);
			runOnlyForDeploymentPostprocessing = 0;
		};
/* End PBXResourcesBuildPhase section */

/* Begin PBXShellScriptBuildPhase section */
		8BFFB024247ACC50009AC0A6 /* Set Build Version and Number */ = {
			isa = PBXShellScriptBuildPhase;
			buildActionMask = 2147483647;
			files = (
			);
			inputFileListPaths = (
			);
			inputPaths = (
				"$(BUILT_PRODUCTS_DIR)/$(INFOPLIST_PATH)",
				"$(INSTALL_DIR)/$(INFOPLIST_PATH)",
			);
			name = "Set Build Version and Number";
			outputFileListPaths = (
			);
			outputPaths = (
			);
			runOnlyForDeploymentPostprocessing = 0;
			shellPath = /bin/sh;
			shellScript = "BUILD_NUMBER=$(git rev-list HEAD --count)\nBUILD_VERSION=$(git describe --tags --always --dirty)\nPLIST=\"\"\n\n# handle archiving\nif [ \"${ACTION}\" == \"install\" ]; then\n    PLIST=\"${INSTALL_DIR}/${INFOPLIST_PATH}\"\nelse\n    PLIST=\"${BUILT_PRODUCTS_DIR}/${INFOPLIST_PATH}\"\nfi\n\n/usr/libexec/PlistBuddy -c \"Set :CFBundleVersion $BUILD_NUMBER\" \"${PLIST}\"\n/usr/libexec/PlistBuddy -c \"Set :CFBundleShortVersionString ${BUILD_VERSION#*v}\" \"${PLIST}\"\n";
		};
/* End PBXShellScriptBuildPhase section */

/* Begin PBXSourcesBuildPhase section */
		8B25B147247AC6CF00B0BBDD /* Sources */ = {
			isa = PBXSourcesBuildPhase;
			buildActionMask = 2147483647;
			files = (
				8BFFB025247ADBEA009AC0A6 /* AppDelegate.swift in Sources */,
				8BB30B482492D06600B9039A /* ShortcutWindowController.swift in Sources */,
			);
			runOnlyForDeploymentPostprocessing = 0;
		};
/* End PBXSourcesBuildPhase section */

/* Begin XCBuildConfiguration section */
		8B25B157247AC6CF00B0BBDD /* Debug */ = {
			isa = XCBuildConfiguration;
			buildSettings = {
				ALWAYS_SEARCH_USER_PATHS = NO;
				CLANG_ANALYZER_NONNULL = YES;
				CLANG_ANALYZER_NUMBER_OBJECT_CONVERSION = YES_AGGRESSIVE;
				CLANG_CXX_LANGUAGE_STANDARD = "gnu++14";
				CLANG_CXX_LIBRARY = "libc++";
				CLANG_ENABLE_MODULES = YES;
				CLANG_ENABLE_OBJC_ARC = YES;
				CLANG_ENABLE_OBJC_WEAK = YES;
				CLANG_WARN_BLOCK_CAPTURE_AUTORELEASING = YES;
				CLANG_WARN_BOOL_CONVERSION = YES;
				CLANG_WARN_COMMA = YES;
				CLANG_WARN_CONSTANT_CONVERSION = YES;
				CLANG_WARN_DEPRECATED_OBJC_IMPLEMENTATIONS = YES;
				CLANG_WARN_DIRECT_OBJC_ISA_USAGE = YES_ERROR;
				CLANG_WARN_DOCUMENTATION_COMMENTS = YES;
				CLANG_WARN_EMPTY_BODY = YES;
				CLANG_WARN_ENUM_CONVERSION = YES;
				CLANG_WARN_INFINITE_RECURSION = YES;
				CLANG_WARN_INT_CONVERSION = YES;
				CLANG_WARN_NON_LITERAL_NULL_CONVERSION = YES;
				CLANG_WARN_OBJC_IMPLICIT_RETAIN_SELF = YES;
				CLANG_WARN_OBJC_LITERAL_CONVERSION = YES;
				CLANG_WARN_OBJC_ROOT_CLASS = YES_ERROR;
				CLANG_WARN_RANGE_LOOP_ANALYSIS = YES;
				CLANG_WARN_STRICT_PROTOTYPES = YES;
				CLANG_WARN_SUSPICIOUS_MOVE = YES;
				CLANG_WARN_UNGUARDED_AVAILABILITY = YES_AGGRESSIVE;
				CLANG_WARN_UNREACHABLE_CODE = YES;
				CLANG_WARN__DUPLICATE_METHOD_MATCH = YES;
				COPY_PHASE_STRIP = NO;
				DEBUG_INFORMATION_FORMAT = dwarf;
				ENABLE_STRICT_OBJC_MSGSEND = YES;
				ENABLE_TESTABILITY = YES;
				GCC_C_LANGUAGE_STANDARD = gnu11;
				GCC_DYNAMIC_NO_PIC = NO;
				GCC_NO_COMMON_BLOCKS = YES;
				GCC_OPTIMIZATION_LEVEL = 0;
				GCC_PREPROCESSOR_DEFINITIONS = (
					"DEBUG=1",
					"$(inherited)",
				);
				GCC_WARN_64_TO_32_BIT_CONVERSION = YES;
				GCC_WARN_ABOUT_RETURN_TYPE = YES_ERROR;
				GCC_WARN_UNDECLARED_SELECTOR = YES;
				GCC_WARN_UNINITIALIZED_AUTOS = YES_AGGRESSIVE;
				GCC_WARN_UNUSED_FUNCTION = YES;
				GCC_WARN_UNUSED_VARIABLE = YES;
				MACOSX_DEPLOYMENT_TARGET = 10.15;
				MTL_ENABLE_DEBUG_INFO = INCLUDE_SOURCE;
				MTL_FAST_MATH = YES;
				ONLY_ACTIVE_ARCH = YES;
				SDKROOT = macosx;
				SWIFT_ACTIVE_COMPILATION_CONDITIONS = DEBUG;
				SWIFT_OBJC_BRIDGING_HEADER = Sources/Bridge.h;
				SWIFT_OPTIMIZATION_LEVEL = "-Onone";
			};
			name = Debug;
		};
		8B25B158247AC6CF00B0BBDD /* Release */ = {
			isa = XCBuildConfiguration;
			buildSettings = {
				ALWAYS_SEARCH_USER_PATHS = NO;
				CLANG_ANALYZER_NONNULL = YES;
				CLANG_ANALYZER_NUMBER_OBJECT_CONVERSION = YES_AGGRESSIVE;
				CLANG_CXX_LANGUAGE_STANDARD = "gnu++14";
				CLANG_CXX_LIBRARY = "libc++";
				CLANG_ENABLE_MODULES = YES;
				CLANG_ENABLE_OBJC_ARC = YES;
				CLANG_ENABLE_OBJC_WEAK = YES;
				CLANG_WARN_BLOCK_CAPTURE_AUTORELEASING = YES;
				CLANG_WARN_BOOL_CONVERSION = YES;
				CLANG_WARN_COMMA = YES;
				CLANG_WARN_CONSTANT_CONVERSION = YES;
				CLANG_WARN_DEPRECATED_OBJC_IMPLEMENTATIONS = YES;
				CLANG_WARN_DIRECT_OBJC_ISA_USAGE = YES_ERROR;
				CLANG_WARN_DOCUMENTATION_COMMENTS = YES;
				CLANG_WARN_EMPTY_BODY = YES;
				CLANG_WARN_ENUM_CONVERSION = YES;
				CLANG_WARN_INFINITE_RECURSION = YES;
				CLANG_WARN_INT_CONVERSION = YES;
				CLANG_WARN_NON_LITERAL_NULL_CONVERSION = YES;
				CLANG_WARN_OBJC_IMPLICIT_RETAIN_SELF = YES;
				CLANG_WARN_OBJC_LITERAL_CONVERSION = YES;
				CLANG_WARN_OBJC_ROOT_CLASS = YES_ERROR;
				CLANG_WARN_RANGE_LOOP_ANALYSIS = YES;
				CLANG_WARN_STRICT_PROTOTYPES = YES;
				CLANG_WARN_SUSPICIOUS_MOVE = YES;
				CLANG_WARN_UNGUARDED_AVAILABILITY = YES_AGGRESSIVE;
				CLANG_WARN_UNREACHABLE_CODE = YES;
				CLANG_WARN__DUPLICATE_METHOD_MATCH = YES;
				COPY_PHASE_STRIP = NO;
				DEBUG_INFORMATION_FORMAT = "dwarf-with-dsym";
				ENABLE_NS_ASSERTIONS = NO;
				ENABLE_STRICT_OBJC_MSGSEND = YES;
				GCC_C_LANGUAGE_STANDARD = gnu11;
				GCC_NO_COMMON_BLOCKS = YES;
				GCC_WARN_64_TO_32_BIT_CONVERSION = YES;
				GCC_WARN_ABOUT_RETURN_TYPE = YES_ERROR;
				GCC_WARN_UNDECLARED_SELECTOR = YES;
				GCC_WARN_UNINITIALIZED_AUTOS = YES_AGGRESSIVE;
				GCC_WARN_UNUSED_FUNCTION = YES;
				GCC_WARN_UNUSED_VARIABLE = YES;
				MACOSX_DEPLOYMENT_TARGET = 10.15;
				MTL_ENABLE_DEBUG_INFO = NO;
				MTL_FAST_MATH = YES;
				SDKROOT = macosx;
				SWIFT_COMPILATION_MODE = wholemodule;
				SWIFT_OBJC_BRIDGING_HEADER = Sources/Bridge.h;
				SWIFT_OPTIMIZATION_LEVEL = "-O";
			};
			name = Release;
		};
		8B25B15A247AC6CF00B0BBDD /* Debug */ = {
			isa = XCBuildConfiguration;
			buildSettings = {
				ASSETCATALOG_COMPILER_APPICON_NAME = AppIcon;
				CODE_SIGN_ENTITLEMENTS = Resources/grayscale.entitlements;
				CODE_SIGN_IDENTITY = "-";
				CODE_SIGN_STYLE = Automatic;
				COMBINE_HIDPI_IMAGES = YES;
				INFOPLIST_FILE = Resources/Info.plist;
				LD_RUNPATH_SEARCH_PATHS = (
					"$(inherited)",
					"@executable_path/../Frameworks",
				);
				PRODUCT_BUNDLE_IDENTIFIER = in.gutste.grayscale;
				PRODUCT_NAME = "$(TARGET_NAME)";
				SWIFT_VERSION = 5.0;
				SYSTEM_FRAMEWORK_SEARCH_PATHS = (
					"$(inherited)",
					"$(SYSTEM_LIBRARY_DIR)/PrivateFrameworks",
				);
			};
			name = Debug;
		};
		8B25B15B247AC6CF00B0BBDD /* Release */ = {
			isa = XCBuildConfiguration;
			buildSettings = {
				ASSETCATALOG_COMPILER_APPICON_NAME = AppIcon;
				CODE_SIGN_ENTITLEMENTS = Resources/grayscale.entitlements;
				CODE_SIGN_IDENTITY = "-";
				CODE_SIGN_STYLE = Automatic;
				COMBINE_HIDPI_IMAGES = YES;
				INFOPLIST_FILE = Resources/Info.plist;
				LD_RUNPATH_SEARCH_PATHS = (
					"$(inherited)",
					"@executable_path/../Frameworks",
				);
				PRODUCT_BUNDLE_IDENTIFIER = in.gutste.grayscale;
				PRODUCT_NAME = "$(TARGET_NAME)";
				SWIFT_VERSION = 5.0;
				SYSTEM_FRAMEWORK_SEARCH_PATHS = (
					"$(inherited)",
					"$(SYSTEM_LIBRARY_DIR)/PrivateFrameworks",
				);
			};
			name = Release;
		};
/* End XCBuildConfiguration section */

/* Begin XCConfigurationList section */
		8B25B146247AC6CF00B0BBDD /* Build configuration list for PBXProject "grayscale" */ = {
			isa = XCConfigurationList;
			buildConfigurations = (
				8B25B157247AC6CF00B0BBDD /* Debug */,
				8B25B158247AC6CF00B0BBDD /* Release */,
			);
			defaultConfigurationIsVisible = 0;
			defaultConfigurationName = Release;
		};
		8B25B159247AC6CF00B0BBDD /* Build configuration list for PBXNativeTarget "grayscale" */ = {
			isa = XCConfigurationList;
			buildConfigurations = (
				8B25B15A247AC6CF00B0BBDD /* Debug */,
				8B25B15B247AC6CF00B0BBDD /* Release */,
			);
			defaultConfigurationIsVisible = 0;
			defaultConfigurationName = Release;
		};
/* End XCConfigurationList section */
	};
	rootObject = 8B25B143247AC6CF00B0BBDD /* Project object */;
}
